
Microsoft Visual Studio Solution File, Format Version 12.00
# Visual Studio 2012
Project("{8BC9CEB8-8B4A-11D0-8D11-00A0C91BC942}") = "Scribble", "Scribble\Scribble.vcxproj", "{819D57A5-5614-4543-AB81-E95B7A734A00}"
EndProject
Global
	GlobalSection(SolutionConfigurationPlatforms) = preSolution
		Debug|Win32 = Debug|Win32
		Release|Win32 = Release|Win32
	EndGlobalSection
	GlobalSection(ProjectConfigurationPlatforms) = postSolution
		{819D57A5-5614-4543-AB81-E95B7A734A00}.Debug|Win32.ActiveCfg = Debug|Win32
		{819D57A5-5614-4543-AB81-E95B7A734A00}.Debug|Win32.Build.0 = Debug|Win32
		{819D57A5-5614-4543-AB81-E95B7A734A00}.Release|Win32.ActiveCfg = Release|Win32
		{819D57A5-5614-4543-AB81-E95B7A734A00}.Release|Win32.Build.0 = Release|Win32
	EndGlobalSection
	GlobalSection(SolutionProperties) = preSolution
		HideSolutionNode = FALSE
	EndGlobalSection
EndGlobal
